
Microsoft Visual Studio Solution File, Format Version 12.00
# Visual Studio Version 17
VisualStudioVersion = 17.11.35327.3
MinimumVisualStudioVersion = 10.0.40219.1
Project("{8BC9CEB8-8B4A-11D0-8D11-00A0C91BC942}") = "beginner-programming-language", "beginner-programming-language.vcxproj", "{AF02C8D1-56D6-43C1-9829-4ED337D9256D}"
EndProject
Project("{8BC9CEB8-8B4A-11D0-8D11-00A0C91BC942}") = "Googletest", "Googletest\Googletest.vcxproj", "{EF9EA3A8-5F0C-420E-B17F-93CEC5408FCE}"
EndProject
Global
	GlobalSection(SolutionConfigurationPlatforms) = preSolution
		Debug|x64 = Debug|x64
		Debug|x86 = Debug|x86
		Release|x64 = Release|x64
		Release|x86 = Release|x86
	EndGlobalSection
	GlobalSection(ProjectConfigurationPlatforms) = postSolution
		{AF02C8D1-56D6-43C1-9829-4ED337D9256D}.Debug|x64.ActiveCfg = Debug|x64
		{AF02C8D1-56D6-43C1-9829-4ED337D9256D}.Debug|x64.Build.0 = Debug|x64
		{AF02C8D1-56D6-43C1-9829-4ED337D9256D}.Debug|x86.ActiveCfg = Debug|Win32
		{AF02C8D1-56D6-43C1-9829-4ED337D9256D}.Debug|x86.Build.0 = Debug|Win32
		{AF02C8D1-56D6-43C1-9829-4ED337D9256D}.Release|x64.ActiveCfg = Release|x64
		{AF02C8D1-56D6-43C1-9829-4ED337D9256D}.Release|x64.Build.0 = Release|x64
		{AF02C8D1-56D6-43C1-9829-4ED337D9256D}.Release|x86.ActiveCfg = Release|Win32
		{AF02C8D1-56D6-43C1-9829-4ED337D9256D}.Release|x86.Build.0 = Release|Win32
		{EF9EA3A8-5F0C-420E-B17F-93CEC5408FCE}.Debug|x64.ActiveCfg = Debug|x64
		{EF9EA3A8-5F0C-420E-B17F-93CEC5408FCE}.Debug|x64.Build.0 = Debug|x64
		{EF9EA3A8-5F0C-420E-B17F-93CEC5408FCE}.Debug|x86.ActiveCfg = Debug|Win32
		{EF9EA3A8-5F0C-420E-B17F-93CEC5408FCE}.Debug|x86.Build.0 = Debug|Win32
		{EF9EA3A8-5F0C-420E-B17F-93CEC5408FCE}.Release|x64.ActiveCfg = Release|x64
		{EF9EA3A8-5F0C-420E-B17F-93CEC5408FCE}.Release|x64.Build.0 = Release|x64
		{EF9EA3A8-5F0C-420E-B17F-93CEC5408FCE}.Release|x86.ActiveCfg = Release|Win32
		{EF9EA3A8-5F0C-420E-B17F-93CEC5408FCE}.Release|x86.Build.0 = Release|Win32
	EndGlobalSection
	GlobalSection(SolutionProperties) = preSolution
		HideSolutionNode = FALSE
	EndGlobalSection
	GlobalSection(ExtensibilityGlobals) = postSolution
		SolutionGuid = {7C49576B-B27E-4F9F-B5E0-A46586987749}
	EndGlobalSection
EndGlobal
