<?xml version="1.0" encoding="utf-8"?>
<Project ToolsVersion="4.0" xmlns="http://schemas.microsoft.com/developer/msbuild/2003">
  <ItemGroup>
    <ClCompile Include="pch.cpp" />
    <ClCompile Include="lexerTest.cpp">
      <Filter>lexerTest</Filter>
    </ClCompile>
  </ItemGroup>
  <ItemGroup>
    <ClInclude Include="pch.h" />
  </ItemGroup>
  <ItemGroup>
    <None Include="packages.config" />
  </ItemGroup>
  <ItemGroup>
    <Text Include="testtest.txt" />
  </ItemGroup>
  <ItemGroup>
    <Filter Include="lexerTest">
      <UniqueIdentifier>{6b9ec829-8828-4f14-aec9-8d0a50d8a780}</UniqueIdentifier>
    </Filter>
  </ItemGroup>
</Project>